<?xml version="1.0" encoding="utf-8"?>
<Project ToolsVersion="4.0" xmlns="http://schemas.microsoft.com/developer/msbuild/2003">
  <ItemGroup>
    <Filter Include="Source Files">
      <UniqueIdentifier>{4FC737F1-C7A5-4376-A066-2A32D752A2FF}</UniqueIdentifier>
      <Extensions>cpp;c;cc;cxx;c++;cppm;ixx;def;odl;idl;hpj;bat;asm;asmx</Extensions>
    </Filter>
    <Filter Include="Header Files">
      <UniqueIdentifier>{93995380-89BD-4b04-88EB-625FBE52EBFB}</UniqueIdentifier>
      <Extensions>h;hh;hpp;hxx;h++;hm;inl;inc;ipp;xsd</Extensions>
    </Filter>
    <Filter Include="Resource Files">
      <UniqueIdentifier>{67DA6AB6-F800-4c08-8B7A-83BB121AAD01}</UniqueIdentifier>
      <Extensions>rc;ico;cur;bmp;dlg;rc2;rct;bin;rgs;gif;jpg;jpeg;jpe;resx;tiff;tif;png;wav;mfcribbon-ms</Extensions>
    </Filter>
    <Filter Include="Source Files\Vector">
      <UniqueIdentifier>{69e9239f-775c-4f56-93c0-6d94cd13c585}</UniqueIdentifier>
    </Filter>
    <Filter Include="Source Files\Matrix">
      <UniqueIdentifier>{3fa24938-f2b2-4fc9-bbb1-195a69606ac0}</UniqueIdentifier>
    </Filter>
    <Filter Include="Source Files\Math">
      <UniqueIdentifier>{ed05c20c-b089-4146-b933-b6bb1f94109d}</UniqueIdentifier>
    </Filter>
    <Filter Include="Source Files\Mesh">
      <UniqueIdentifier>{2f20bb70-b2da-4c59-97ec-ae34707870ac}</UniqueIdentifier>
    </Filter>
    <Filter Include="Source Files\String">
      <UniqueIdentifier>{0fef6d72-abaf-4983-bcbe-c66c1889bcc4}</UniqueIdentifier>
    </Filter>
    <Filter Include="Source Files\PointMass">
      <UniqueIdentifier>{84dc064e-50e7-42fe-b4fe-00b6b8e99071}</UniqueIdentifier>
    </Filter>
    <Filter Include="Source Files\Force">
      <UniqueIdentifier>{28d49ca7-a44a-4871-a8f4-b3166f4351b4}</UniqueIdentifier>
    </Filter>
    <Filter Include="Source Files\RigidBody">
      <UniqueIdentifier>{c09546b8-8fc5-434f-97fd-bb86e55f8000}</UniqueIdentifier>
    </Filter>
    <Filter Include="Source Files\Collision">
      <UniqueIdentifier>{3c414526-57ab-4823-a80d-234ce7a3aa22}</UniqueIdentifier>
    </Filter>
    <Filter Include="Source Files\Spring">
      <UniqueIdentifier>{48a7720b-4f29-402a-bd73-d8122e72d6dd}</UniqueIdentifier>
    </Filter>
    <Filter Include="Source Files\Cloth">
      <UniqueIdentifier>{808ad244-3aec-4d90-8031-bb1f76756aa4}</UniqueIdentifier>
    </Filter>
  </ItemGroup>
  <ItemGroup>
    <ClCompile Include="..\..\src\obj_tools\Vector\Vector2D.cpp">
      <Filter>Source Files\Vector</Filter>
    </ClCompile>
    <ClCompile Include="..\..\src\obj_tools\Vector\Vector3D.cpp">
      <Filter>Source Files\Vector</Filter>
    </ClCompile>
    <ClCompile Include="..\..\src\obj_tools\Matrix\Matrix2x2.cpp">
      <Filter>Source Files\Matrix</Filter>
    </ClCompile>
    <ClCompile Include="..\..\src\obj_tools\Matrix\Matrix3x3.cpp">
      <Filter>Source Files\Matrix</Filter>
    </ClCompile>
    <ClCompile Include="..\..\src\obj_tools\Math\Math.cpp">
      <Filter>Source Files\Math</Filter>
    </ClCompile>
    <ClCompile Include="..\..\src\obj_tools\Mesh\Mesh.cpp">
      <Filter>Source Files\Mesh</Filter>
    </ClCompile>
    <ClCompile Include="..\..\src\obj_tools\String\String.cpp">
      <Filter>Source Files\String</Filter>
    </ClCompile>
    <ClCompile Include="..\..\src\obj_tools\PointMass\PointMass.cpp">
      <Filter>Source Files\PointMass</Filter>
    </ClCompile>
    <ClCompile Include="..\..\src\obj_tools\Force\Force.cpp">
      <Filter>Source Files\Force</Filter>
    </ClCompile>
    <ClCompile Include="..\..\src\obj_tools\RigidBody\RigidBody.cpp">
      <Filter>Source Files\RigidBody</Filter>
    </ClCompile>
    <ClCompile Include="..\..\src\obj_tools\Collision\Collision.cpp">
      <Filter>Source Files\Collision</Filter>
    </ClCompile>
    <ClCompile Include="..\..\src\obj_tools\Collision\CollisionRigidBody.cpp">
      <Filter>Source Files\Collision</Filter>
    </ClCompile>
    <ClCompile Include="..\..\src\obj_tools\PointMass\PointMassBase.cpp">
      <Filter>Source Files\PointMass</Filter>
    </ClCompile>
    <ClCompile Include="..\..\src\obj_tools\Spring\Spring.cpp">
      <Filter>Source Files\Spring</Filter>
    </ClCompile>
    <ClCompile Include="..\..\src\obj_tools\Cloth\Cloth.cpp">
      <Filter>Source Files\Cloth</Filter>
    </ClCompile>
  </ItemGroup>
</Project>